
Microsoft Visual Studio Solution File, Format Version 12.00
# Visual Studio Version 17
VisualStudioVersion = 17.5.33530.505
MinimumVisualStudioVersion = 10.0.40219.1
Project("{FAE04EC0-301F-11D3-BF4B-00C04F79EFBC}") = "Ejercicio_2", "Ejercicio_2\Ejercicio_2.csproj", "{91015FB1-891D-4B04-90D7-38C02ADC42AB}"
EndProject
Global
	GlobalSection(SolutionConfigurationPlatforms) = preSolution
		Debug|Any CPU = Debug|Any CPU
		Release|Any CPU = Release|Any CPU
	EndGlobalSection
	GlobalSection(ProjectConfigurationPlatforms) = postSolution
		{91015FB1-891D-4B04-90D7-38C02ADC42AB}.Debug|Any CPU.ActiveCfg = Debug|Any CPU
		{91015FB1-891D-4B04-90D7-38C02ADC42AB}.Debug|Any CPU.Build.0 = Debug|Any CPU
		{91015FB1-891D-4B04-90D7-38C02ADC42AB}.Release|Any CPU.ActiveCfg = Release|Any CPU
		{91015FB1-891D-4B04-90D7-38C02ADC42AB}.Release|Any CPU.Build.0 = Release|Any CPU
	EndGlobalSection
	GlobalSection(SolutionProperties) = preSolution
		HideSolutionNode = FALSE
	EndGlobalSection
	GlobalSection(ExtensibilityGlobals) = postSolution
		SolutionGuid = {A8018473-0A39-4775-9E14-7BE72F54EC97}
	EndGlobalSection
EndGlobal
